
Microsoft Visual Studio Solution File, Format Version 12.00
# Visual Studio Version 17
VisualStudioVersion = 17.3.32922.545
MinimumVisualStudioVersion = 10.0.40219.1
Project("{FAE04EC0-301F-11D3-BF4B-00C04F79EFBC}") = "ConsoleApp", "ConsoleApp\ConsoleApp.csproj", "{A38819E5-4BFB-4C11-85CA-F3AF1402BDAB}"
EndProject
Project("{FAE04EC0-301F-11D3-BF4B-00C04F79EFBC}") = "ConsoleApp.Test.xUnit", "ConsoleApp.Test.xUnit\ConsoleApp.Test.xUnit.csproj", "{0D3AF2BC-6ED2-4E1E-975B-D98FF6183267}"
EndProject
Project("{FAE04EC0-301F-11D3-BF4B-00C04F79EFBC}") = "ConsoleApp.Test.NUnit", "ConsoleApp.Test.NUnit\ConsoleApp.Test.NUnit.csproj", "{2A601D07-8F65-4ABC-AA57-92D51083C950}"
EndProject
Project("{FAE04EC0-301F-11D3-BF4B-00C04F79EFBC}") = "ConsoleApp.Test.MSTest", "ConsoleApp.Test.MSTest\ConsoleApp.Test.MSTest.csproj", "{DC07B46E-5559-46D7-B72A-54C7F9A3EC27}"
EndProject
Global
	GlobalSection(SolutionConfigurationPlatforms) = preSolution
		Debug|Any CPU = Debug|Any CPU
		Release|Any CPU = Release|Any CPU
	EndGlobalSection
	GlobalSection(ProjectConfigurationPlatforms) = postSolution
		{A38819E5-4BFB-4C11-85CA-F3AF1402BDAB}.Debug|Any CPU.ActiveCfg = Debug|Any CPU
		{A38819E5-4BFB-4C11-85CA-F3AF1402BDAB}.Debug|Any CPU.Build.0 = Debug|Any CPU
		{A38819E5-4BFB-4C11-85CA-F3AF1402BDAB}.Release|Any CPU.ActiveCfg = Release|Any CPU
		{A38819E5-4BFB-4C11-85CA-F3AF1402BDAB}.Release|Any CPU.Build.0 = Release|Any CPU
		{0D3AF2BC-6ED2-4E1E-975B-D98FF6183267}.Debug|Any CPU.ActiveCfg = Debug|Any CPU
		{0D3AF2BC-6ED2-4E1E-975B-D98FF6183267}.Debug|Any CPU.Build.0 = Debug|Any CPU
		{0D3AF2BC-6ED2-4E1E-975B-D98FF6183267}.Release|Any CPU.ActiveCfg = Release|Any CPU
		{0D3AF2BC-6ED2-4E1E-975B-D98FF6183267}.Release|Any CPU.Build.0 = Release|Any CPU
		{2A601D07-8F65-4ABC-AA57-92D51083C950}.Debug|Any CPU.ActiveCfg = Debug|Any CPU
		{2A601D07-8F65-4ABC-AA57-92D51083C950}.Debug|Any CPU.Build.0 = Debug|Any CPU
		{2A601D07-8F65-4ABC-AA57-92D51083C950}.Release|Any CPU.ActiveCfg = Release|Any CPU
		{2A601D07-8F65-4ABC-AA57-92D51083C950}.Release|Any CPU.Build.0 = Release|Any CPU
		{DC07B46E-5559-46D7-B72A-54C7F9A3EC27}.Debug|Any CPU.ActiveCfg = Debug|Any CPU
		{DC07B46E-5559-46D7-B72A-54C7F9A3EC27}.Debug|Any CPU.Build.0 = Debug|Any CPU
		{DC07B46E-5559-46D7-B72A-54C7F9A3EC27}.Release|Any CPU.ActiveCfg = Release|Any CPU
		{DC07B46E-5559-46D7-B72A-54C7F9A3EC27}.Release|Any CPU.Build.0 = Release|Any CPU
	EndGlobalSection
	GlobalSection(SolutionProperties) = preSolution
		HideSolutionNode = FALSE
	EndGlobalSection
	GlobalSection(ExtensibilityGlobals) = postSolution
		SolutionGuid = {32504047-4FEC-4258-B553-BD0ED3A01E0D}
	EndGlobalSection
EndGlobal
